# THIS IS AN AUTOGENERATED FILE. DO NOT EDIT THIS FILE DIRECTLY.
# yarn lockfile v1


dictionary-en-us@^2.0.0:
  version "2.0.0"
  resolved "https://registry.yarnpkg.com/dictionary-en-us/-/dictionary-en-us-2.0.0.tgz#b9135f403444bb5e4b3cf465fb7d3f2fd276a839"

dictionary-sv@^2.0.0:
  version "2.0.0"
  resolved "https://registry.yarnpkg.com/dictionary-sv/-/dictionary-sv-2.0.0.tgz#5103e13107b0be19b1ba97ff2894f5d1a8726a11"

is-buffer@^1.1.4:
  version "1.1.6"
  resolved "https://registry.yarnpkg.com/is-buffer/-/is-buffer-1.1.6.tgz#efaa2ea9daa0d7ab2ea13a97b2b8ad51fefbe8be"

nspell@^1.0.4:
  version "1.0.4"
  resolved "https://registry.yarnpkg.com/nspell/-/nspell-1.0.4.tgz#20a76769181e3a365d111f926f58d78e7b845423"
  dependencies:
    is-buffer "^1.1.4"
    trim "0.0.1"

trim@0.0.1:
  version "0.0.1"
  resolved "https://registry.yarnpkg.com/trim/-/trim-0.0.1.tgz#5858547f6b290757ee95cccc666fb50084c460dd"
